PODS:
  - Differentiator (5.0.0)
  - RxCocoa (6.1.0):
    - RxRelay (= 6.1.0)
    - RxSwift (= 6.1.0)
  - RxDataSources (5.0.0):
    - Differentiator (~> 5.0)
    - RxCocoa (~> 6.0)
    - RxSwift (~> 6.0)
  - RxItemArchitecture (0.1.4):
    - RxCocoa
    - RxDataSources
    - RxSwift
    - SnapKit (~> 5.0.0)
    - SSegmentControl (~> 0.1.1)
  - RxRelay (6.1.0):
    - RxSwift (= 6.1.0)
  - RxSwift (6.1.0)
  - SnapKit (5.0.1)
  - SSegmentControl (0.1.1):
    - SnapKit (~> 5.0.0)

DEPENDENCIES:
  - RxItemArchitecture (from `../`)

SPEC REPOS:
  trunk:
    - Differentiator
    - RxCocoa
    - RxDataSources
    - RxRelay
    - RxSwift
    - SnapKit
    - SSegmentControl

EXTERNAL SOURCES:
  RxItemArchitecture:
    :path: "../"

SPEC CHECKSUMS:
  Differentiator: e8497ceab83c1b10ca233716d547b9af21b9344d
  RxCocoa: 5c51f02d562cbd94629f6c26cf0c80fe4ab8d343
  RxDataSources: aa47cc1ed6c500fa0dfecac5c979b723542d79cf
  RxItemArchitecture: 4b7995698d828c34d2d4f0a8117e808804baca5f
  RxRelay: 483e1a19fad961b41f0b0c0bee506f46c1ae14fe
  RxSwift: a834e5c538e89eca0cae86f403f4fbf0336786ce
  SnapKit: 97b92857e3df3a0c71833cce143274bf6ef8e5eb
  SSegmentControl: 1565a52411f1b9dd8224ebf1549f855785870b48

PODFILE CHECKSUM: 950bdb5bdc5379f3c7da202c164d6552928b2dcf

COCOAPODS: 1.10.1
